
Microsoft Visual Studio Solution File, Format Version 12.00
# Visual Studio Version 17
VisualStudioVersion = 17.11.35327.3
MinimumVisualStudioVersion = 10.0.40219.1
Project("{FAE04EC0-301F-11D3-BF4B-00C04F79EFBC}") = "ClassLibrary1", "ClassLibrary1\ClassLibrary1.csproj", "{D33133A9-AC80-451A-88B5-42718E445AFB}"
EndProject
Global
	GlobalSection(SolutionConfigurationPlatforms) = preSolution
		Debug|Any CPU = Debug|Any CPU
		Release|Any CPU = Release|Any CPU
	EndGlobalSection
	GlobalSection(ProjectConfigurationPlatforms) = postSolution
		{D33133A9-AC80-451A-88B5-42718E445AFB}.Debug|Any CPU.ActiveCfg = Debug|Any CPU
		{D33133A9-AC80-451A-88B5-42718E445AFB}.Debug|Any CPU.Build.0 = Debug|Any CPU
		{D33133A9-AC80-451A-88B5-42718E445AFB}.Release|Any CPU.ActiveCfg = Release|Any CPU
		{D33133A9-AC80-451A-88B5-42718E445AFB}.Release|Any CPU.Build.0 = Release|Any CPU
	EndGlobalSection
	GlobalSection(SolutionProperties) = preSolution
		HideSolutionNode = FALSE
	EndGlobalSection
	GlobalSection(ExtensibilityGlobals) = postSolution
		SolutionGuid = {777B7337-A09E-4865-98CB-3D5F2B9767AC}
	EndGlobalSection
EndGlobal
